
Microsoft Visual Studio Solution File, Format Version 12.00
# Visual Studio Version 17
VisualStudioVersion = 17.10.35004.147
MinimumVisualStudioVersion = 10.0.40219.1
Project("{FAE04EC0-301F-11D3-BF4B-00C04F79EFBC}") = "SimpleOnlineStore123", "SimpleOnlineStore123\SimpleOnlineStore123.csproj", "{21773E8F-8762-4A5A-AFC8-66ADFA549B43}"
EndProject
Global
	GlobalSection(SolutionConfigurationPlatforms) = preSolution
		Debug|Any CPU = Debug|Any CPU
		Release|Any CPU = Release|Any CPU
	EndGlobalSection
	GlobalSection(ProjectConfigurationPlatforms) = postSolution
		{21773E8F-8762-4A5A-AFC8-66ADFA549B43}.Debug|Any CPU.ActiveCfg = Debug|Any CPU
		{21773E8F-8762-4A5A-AFC8-66ADFA549B43}.Debug|Any CPU.Build.0 = Debug|Any CPU
		{21773E8F-8762-4A5A-AFC8-66ADFA549B43}.Release|Any CPU.ActiveCfg = Release|Any CPU
		{21773E8F-8762-4A5A-AFC8-66ADFA549B43}.Release|Any CPU.Build.0 = Release|Any CPU
	EndGlobalSection
	GlobalSection(SolutionProperties) = preSolution
		HideSolutionNode = FALSE
	EndGlobalSection
	GlobalSection(ExtensibilityGlobals) = postSolution
		SolutionGuid = {159C6751-08F1-45EC-9FEC-1164D7100093}
	EndGlobalSection
EndGlobal
